
Microsoft Visual Studio Solution File, Format Version 12.00
# Visual Studio Version 16
VisualStudioVersion = 16.0.30011.22
MinimumVisualStudioVersion = 10.0.40219.1
Project("{9A19103F-16F7-4668-BE54-9A1E7A4F7556}") = "AtelierLaDiDaTest", "AtelierLaDiDaTest\AtelierLaDiDaTest.csproj", "{A4DFA181-3945-4B9E-A57D-792CCA9C3C7E}"
EndProject
Project("{9A19103F-16F7-4668-BE54-9A1E7A4F7556}") = "AtelierLaDiDaDatabase", "AtelierLaDiDaDatabase\AtelierLaDiDaDatabase.csproj", "{5DF6D37B-AD50-4201-B52A-49BAB1E39F22}"
EndProject
Project("{FAE04EC0-301F-11D3-BF4B-00C04F79EFBC}") = "AtelierLaDiDaUICore", "AtelierLaDiDaUICore\AtelierLaDiDaUICore.csproj", "{8DEE9403-9E6F-4441-BFFF-65166D1E817D}"
EndProject
Global
	GlobalSection(SolutionConfigurationPlatforms) = preSolution
		Debug|Any CPU = Debug|Any CPU
		Release|Any CPU = Release|Any CPU
	EndGlobalSection
	GlobalSection(ProjectConfigurationPlatforms) = postSolution
		{A4DFA181-3945-4B9E-A57D-792CCA9C3C7E}.Debug|Any CPU.ActiveCfg = Debug|Any CPU
		{A4DFA181-3945-4B9E-A57D-792CCA9C3C7E}.Debug|Any CPU.Build.0 = Debug|Any CPU
		{A4DFA181-3945-4B9E-A57D-792CCA9C3C7E}.Release|Any CPU.ActiveCfg = Release|Any CPU
		{A4DFA181-3945-4B9E-A57D-792CCA9C3C7E}.Release|Any CPU.Build.0 = Release|Any CPU
		{5DF6D37B-AD50-4201-B52A-49BAB1E39F22}.Debug|Any CPU.ActiveCfg = Debug|Any CPU
		{5DF6D37B-AD50-4201-B52A-49BAB1E39F22}.Debug|Any CPU.Build.0 = Debug|Any CPU
		{5DF6D37B-AD50-4201-B52A-49BAB1E39F22}.Release|Any CPU.ActiveCfg = Release|Any CPU
		{5DF6D37B-AD50-4201-B52A-49BAB1E39F22}.Release|Any CPU.Build.0 = Release|Any CPU
		{8DEE9403-9E6F-4441-BFFF-65166D1E817D}.Debug|Any CPU.ActiveCfg = Debug|Any CPU
		{8DEE9403-9E6F-4441-BFFF-65166D1E817D}.Debug|Any CPU.Build.0 = Debug|Any CPU
		{8DEE9403-9E6F-4441-BFFF-65166D1E817D}.Release|Any CPU.ActiveCfg = Release|Any CPU
		{8DEE9403-9E6F-4441-BFFF-65166D1E817D}.Release|Any CPU.Build.0 = Release|Any CPU
	EndGlobalSection
	GlobalSection(SolutionProperties) = preSolution
		HideSolutionNode = FALSE
	EndGlobalSection
	GlobalSection(ExtensibilityGlobals) = postSolution
		SolutionGuid = {44449E26-3AF5-4BBB-AF06-6A866DBE83FE}
	EndGlobalSection
EndGlobal
